
Microsoft Visual Studio Solution File, Format Version 12.00
# Visual Studio Version 17
VisualStudioVersion = 17.5.002.0
MinimumVisualStudioVersion = 10.0.40219.1
Project("{9A19103F-16F7-4668-BE54-9A1E7A4F7556}") = "App", "exemplo\App.csproj", "{452CC522-15F2-41EB-A580-E4629B0F15DF}"
EndProject
Project("{9A19103F-16F7-4668-BE54-9A1E7A4F7556}") = "TiaIdentity", "src\TiaIdentity.csproj", "{60019DA1-71DE-46D3-9C7B-D2C771A365B3}"
EndProject
Global
	GlobalSection(SolutionConfigurationPlatforms) = preSolution
		Debug|Any CPU = Debug|Any CPU
		Release|Any CPU = Release|Any CPU
	EndGlobalSection
	GlobalSection(ProjectConfigurationPlatforms) = postSolution
		{452CC522-15F2-41EB-A580-E4629B0F15DF}.Debug|Any CPU.ActiveCfg = Debug|Any CPU
		{452CC522-15F2-41EB-A580-E4629B0F15DF}.Debug|Any CPU.Build.0 = Debug|Any CPU
		{452CC522-15F2-41EB-A580-E4629B0F15DF}.Release|Any CPU.ActiveCfg = Release|Any CPU
		{452CC522-15F2-41EB-A580-E4629B0F15DF}.Release|Any CPU.Build.0 = Release|Any CPU
		{60019DA1-71DE-46D3-9C7B-D2C771A365B3}.Debug|Any CPU.ActiveCfg = Debug|Any CPU
		{60019DA1-71DE-46D3-9C7B-D2C771A365B3}.Debug|Any CPU.Build.0 = Debug|Any CPU
		{60019DA1-71DE-46D3-9C7B-D2C771A365B3}.Release|Any CPU.ActiveCfg = Release|Any CPU
		{60019DA1-71DE-46D3-9C7B-D2C771A365B3}.Release|Any CPU.Build.0 = Release|Any CPU
	EndGlobalSection
	GlobalSection(SolutionProperties) = preSolution
		HideSolutionNode = FALSE
	EndGlobalSection
	GlobalSection(ExtensibilityGlobals) = postSolution
		SolutionGuid = {714C3F2B-5CC8-4804-BA5E-03006269BC72}
	EndGlobalSection
EndGlobal
